
Microsoft Visual Studio Solution File, Format Version 12.00
# Visual Studio 14
VisualStudioVersion = 14.0.24720.0
MinimumVisualStudioVersion = 10.0.40219.1
Project("{FAE04EC0-301F-11D3-BF4B-00C04F79EFBC}") = "MBrokerDo", "MBrokerDo\MBrokerDo.csproj", "{E0EBD587-1221-4804-BEA9-0D0A4C55B330}"
EndProject
Project("{FAE04EC0-301F-11D3-BF4B-00C04F79EFBC}") = "MBrokerDo.Test", "MBrokerDo.Test\MBrokerDo.Test.csproj", "{82620D43-6305-46BA-A15A-E65D10C21E8A}"
EndProject
Global
	GlobalSection(SolutionConfigurationPlatforms) = preSolution
		Debug|Any CPU = Debug|Any CPU
		Release|Any CPU = Release|Any CPU
	EndGlobalSection
	GlobalSection(ProjectConfigurationPlatforms) = postSolution
		{E0EBD587-1221-4804-BEA9-0D0A4C55B330}.Debug|Any CPU.ActiveCfg = Debug|Any CPU
		{E0EBD587-1221-4804-BEA9-0D0A4C55B330}.Debug|Any CPU.Build.0 = Debug|Any CPU
		{E0EBD587-1221-4804-BEA9-0D0A4C55B330}.Release|Any CPU.ActiveCfg = Release|Any CPU
		{E0EBD587-1221-4804-BEA9-0D0A4C55B330}.Release|Any CPU.Build.0 = Release|Any CPU
		{82620D43-6305-46BA-A15A-E65D10C21E8A}.Debug|Any CPU.ActiveCfg = Debug|Any CPU
		{82620D43-6305-46BA-A15A-E65D10C21E8A}.Debug|Any CPU.Build.0 = Debug|Any CPU
		{82620D43-6305-46BA-A15A-E65D10C21E8A}.Release|Any CPU.ActiveCfg = Release|Any CPU
		{82620D43-6305-46BA-A15A-E65D10C21E8A}.Release|Any CPU.Build.0 = Release|Any CPU
	EndGlobalSection
	GlobalSection(SolutionProperties) = preSolution
		HideSolutionNode = FALSE
	EndGlobalSection
EndGlobal
